// !$*UTF8*$!
{
	archiveVersion = 1;
	classes = {
	};
	objectVersion = 77;
	objects = {

/* Begin PBXBuildFile section */
		DDBEDF9D2E987EF700209D8D /* FirebaseMessaging in Frameworks */ = {isa = PBXBuildFile; productRef = DDBEDF9C2E987EF700209D8D /* FirebaseMessaging */; };
		DDEC0E582E72239E0010F4B4 /* ExyteChat in Frameworks */ = {isa = PBXBuildFile; productRef = DDEC0E572E72239E0010F4B4 /* ExyteChat */; };
		DDEC0E5A2E7223A60010F4B4 /* CCAIKit in Frameworks */ = {isa = PBXBuildFile; productRef = DDEC0E592E7223A60010F4B4 /* CCAIKit */; };
		DDEC0E5C2E7223AA0010F4B4 /* MessageKit in Frameworks */ = {isa = PBXBuildFile; productRef = DDEC0E5B2E7223AA0010F4B4 /* MessageKit */; };
/* End PBXBuildFile section */

/* Begin PBXFileReference section */
		DDEC0CC82E6645880010F4B4 /* Shipai_Test.app */ = {isa = PBXFileReference; explicitFileType = wrapper.application; includeInIndex = 0; path = Shipai_Test.app; sourceTree = BUILT_PRODUCTS_DIR; };
		DDEC0E5D2E72290A0010F4B4 /* Shipai_Test.entitlements */ = {isa = PBXFileReference; lastKnownFileType = text.plist.entitlements; name = Shipai_Test.entitlements; path = Shipai_Test/Shipai_Test.entitlements; sourceTree = "<group>"; };
/* End PBXFileReference section */

/* Begin PBXFileSystemSynchronizedRootGroup section */
		60BE46542DB39A4D00856F2C /* CCAIExample */ = {
			isa = PBXFileSystemSynchronizedRootGroup;
			path = CCAIExample;
			sourceTree = "<group>";
		};
/* End PBXFileSystemSynchronizedRootGroup section */

/* Begin PBXFrameworksBuildPhase section */
		DDEC0CC52E6645880010F4B4 /* Frameworks */ = {
			isa = PBXFrameworksBuildPhase;
			buildActionMask = 2147483647;
			files = (
				DDBEDF9D2E987EF700209D8D /* FirebaseMessaging in Frameworks */,
				DDEC0E5C2E7223AA0010F4B4 /* MessageKit in Frameworks */,
				DDEC0E582E72239E0010F4B4 /* ExyteChat in Frameworks */,
				DDEC0E5A2E7223A60010F4B4 /* CCAIKit in Frameworks */,
			);
			runOnlyForDeploymentPostprocessing = 0;
		};
/* End PBXFrameworksBuildPhase section */

/* Begin PBXGroup section */
		60BE46492DB39A4D00856F2C = {
			isa = PBXGroup;
			children = (
				DDEC0E5D2E72290A0010F4B4 /* Shipai_Test.entitlements */,
				60BE46542DB39A4D00856F2C /* CCAIExample */,
				CA13D37E2E037DD80040B53A /* Frameworks */,
				60BE46532DB39A4D00856F2C /* Products */,
			);
			sourceTree = "<group>";
		};
		60BE46532DB39A4D00856F2C /* Products */ = {
			isa = PBXGroup;
			children = (
				DDEC0CC82E6645880010F4B4 /* Shipai_Test.app */,
			);
			name = Products;
			sourceTree = "<group>";
		};
		CA13D37E2E037DD80040B53A /* Frameworks */ = {
			isa = PBXGroup;
			children = (
			);
			name = Frameworks;
			sourceTree = "<group>";
		};
/* End PBXGroup section */

/* Begin PBXNativeTarget section */
		DDEC0CC72E6645880010F4B4 /* Shipai_Test */ = {
			isa = PBXNativeTarget;
			buildConfigurationList = DDEC0CE62E66458A0010F4B4 /* Build configuration list for PBXNativeTarget "Shipai_Test" */;
			buildPhases = (
				DDEC0CC42E6645880010F4B4 /* Sources */,
				DDEC0CC52E6645880010F4B4 /* Frameworks */,
				DDEC0CC62E6645880010F4B4 /* Resources */,
			);
			buildRules = (
			);
			dependencies = (
			);
			fileSystemSynchronizedGroups = (
				60BE46542DB39A4D00856F2C /* CCAIExample */,
			);
			name = Shipai_Test;
			packageProductDependencies = (
				DDEC0E572E72239E0010F4B4 /* ExyteChat */,
				DDEC0E592E7223A60010F4B4 /* CCAIKit */,
				DDEC0E5B2E7223AA0010F4B4 /* MessageKit */,
				DDBEDF9C2E987EF700209D8D /* FirebaseMessaging */,
			);
			productName = Shipai_Test;
			productReference = DDEC0CC82E6645880010F4B4 /* Shipai_Test.app */;
			productType = "com.apple.product-type.application";
		};
/* End PBXNativeTarget section */

/* Begin PBXProject section */
		60BE464A2DB39A4D00856F2C /* Project object */ = {
			isa = PBXProject;
			attributes = {
				BuildIndependentTargetsInParallel = 1;
				LastSwiftUpdateCheck = 1640;
				LastUpgradeCheck = 1630;
				TargetAttributes = {
					DDEC0CC72E6645880010F4B4 = {
						CreatedOnToolsVersion = 16.4;
					};
				};
			};
			buildConfigurationList = 60BE464D2DB39A4D00856F2C /* Build configuration list for PBXProject "CCAIExample" */;
			developmentRegion = en;
			hasScannedForEncodings = 0;
			knownRegions = (
				en,
				Base,
			);
			mainGroup = 60BE46492DB39A4D00856F2C;
			minimizedProjectReferenceProxies = 1;
			packageReferences = (
				6099992C2DC7DB970078F3AE /* XCRemoteSwiftPackageReference "Chat" */,
				60271E4D2DCCB66700BD9C21 /* XCRemoteSwiftPackageReference "MessageKit" */,
				CAB867B92E03CD1400A35A6F /* XCRemoteSwiftPackageReference "ujet-ios-sdk-sp" */,
				DDEC0D442E666A880010F4B4 /* XCRemoteSwiftPackageReference "firebase-ios-sdk" */,
			);
			preferredProjectObjectVersion = 77;
			productRefGroup = 60BE46532DB39A4D00856F2C /* Products */;
			projectDirPath = "";
			projectRoot = "";
			targets = (
				DDEC0CC72E6645880010F4B4 /* Shipai_Test */,
			);
		};
/* End PBXProject section */

/* Begin PBXResourcesBuildPhase section */
		DDEC0CC62E6645880010F4B4 /* Resources */ = {
			isa = PBXResourcesBuildPhase;
			buildActionMask = 2147483647;
			files = (
			);
			runOnlyForDeploymentPostprocessing = 0;
		};
/* End PBXResourcesBuildPhase section */

/* Begin PBXSourcesBuildPhase section */
		DDEC0CC42E6645880010F4B4 /* Sources */ = {
			isa = PBXSourcesBuildPhase;
			buildActionMask = 2147483647;
			files = (
			);
			runOnlyForDeploymentPostprocessing = 0;
		};
/* End PBXSourcesBuildPhase section */

/* Begin XCBuildConfiguration section */
		60BE46732DB39A5000856F2C /* Debug */ = {
			isa = XCBuildConfiguration;
			buildSettings = {
				ALWAYS_SEARCH_USER_PATHS = NO;
				ASSETCATALOG_COMPILER_GENERATE_SWIFT_ASSET_SYMBOL_EXTENSIONS = YES;
				CLANG_ANALYZER_NONNULL = YES;
				CLANG_ANALYZER_NUMBER_OBJECT_CONVERSION = YES_AGGRESSIVE;
				CLANG_CXX_LANGUAGE_STANDARD = "gnu++20";
				CLANG_ENABLE_MODULES = YES;
				CLANG_ENABLE_OBJC_ARC = YES;
				CLANG_ENABLE_OBJC_WEAK = YES;
				CLANG_WARN_BLOCK_CAPTURE_AUTORELEASING = YES;
				CLANG_WARN_BOOL_CONVERSION = YES;
				CLANG_WARN_COMMA = YES;
				CLANG_WARN_CONSTANT_CONVERSION = YES;
				CLANG_WARN_DEPRECATED_OBJC_IMPLEMENTATIONS = YES;
				CLANG_WARN_DIRECT_OBJC_ISA_USAGE = YES_ERROR;
				CLANG_WARN_DOCUMENTATION_COMMENTS = YES;
				CLANG_WARN_EMPTY_BODY = YES;
				CLANG_WARN_ENUM_CONVERSION = YES;
				CLANG_WARN_INFINITE_RECURSION = YES;
				CLANG_WARN_INT_CONVERSION = YES;
				CLANG_WARN_NON_LITERAL_NULL_CONVERSION = YES;
				CLANG_WARN_OBJC_IMPLICIT_RETAIN_SELF = YES;
				CLANG_WARN_OBJC_LITERAL_CONVERSION = YES;
				CLANG_WARN_OBJC_ROOT_CLASS = YES_ERROR;
				CLANG_WARN_QUOTED_INCLUDE_IN_FRAMEWORK_HEADER = YES;
				CLANG_WARN_RANGE_LOOP_ANALYSIS = YES;
				CLANG_WARN_STRICT_PROTOTYPES = YES;
				CLANG_WARN_SUSPICIOUS_MOVE = YES;
				CLANG_WARN_UNGUARDED_AVAILABILITY = YES_AGGRESSIVE;
				CLANG_WARN_UNREACHABLE_CODE = YES;
				CLANG_WARN__DUPLICATE_METHOD_MATCH = YES;
				COPY_PHASE_STRIP = NO;
				DEBUG_INFORMATION_FORMAT = dwarf;
				ENABLE_STRICT_OBJC_MSGSEND = YES;
				ENABLE_TESTABILITY = YES;
				ENABLE_USER_SCRIPT_SANDBOXING = YES;
				GCC_C_LANGUAGE_STANDARD = gnu17;
				GCC_DYNAMIC_NO_PIC = NO;
				GCC_NO_COMMON_BLOCKS = YES;
				GCC_OPTIMIZATION_LEVEL = 0;
				GCC_PREPROCESSOR_DEFINITIONS = (
					"DEBUG=1",
					"$(inherited)",
				);
				GCC_WARN_64_TO_32_BIT_CONVERSION = YES;
				GCC_WARN_ABOUT_RETURN_TYPE = YES_ERROR;
				GCC_WARN_UNDECLARED_SELECTOR = YES;
				GCC_WARN_UNINITIALIZED_AUTOS = YES_AGGRESSIVE;
				GCC_WARN_UNUSED_FUNCTION = YES;
				GCC_WARN_UNUSED_VARIABLE = YES;
				IPHONEOS_DEPLOYMENT_TARGET = 18.4;
				LOCALIZATION_PREFERS_STRING_CATALOGS = YES;
				MTL_ENABLE_DEBUG_INFO = INCLUDE_SOURCE;
				MTL_FAST_MATH = YES;
				ONLY_ACTIVE_ARCH = YES;
				SDKROOT = iphoneos;
				SWIFT_ACTIVE_COMPILATION_CONDITIONS = "DEBUG $(inherited)";
				SWIFT_OPTIMIZATION_LEVEL = "-Onone";
			};
			name = Debug;
		};
		60BE46742DB39A5000856F2C /* Release */ = {
			isa = XCBuildConfiguration;
			buildSettings = {
				ALWAYS_SEARCH_USER_PATHS = NO;
				ASSETCATALOG_COMPILER_GENERATE_SWIFT_ASSET_SYMBOL_EXTENSIONS = YES;
				CLANG_ANALYZER_NONNULL = YES;
				CLANG_ANALYZER_NUMBER_OBJECT_CONVERSION = YES_AGGRESSIVE;
				CLANG_CXX_LANGUAGE_STANDARD = "gnu++20";
				CLANG_ENABLE_MODULES = YES;
				CLANG_ENABLE_OBJC_ARC = YES;
				CLANG_ENABLE_OBJC_WEAK = YES;
				CLANG_WARN_BLOCK_CAPTURE_AUTORELEASING = YES;
				CLANG_WARN_BOOL_CONVERSION = YES;
				CLANG_WARN_COMMA = YES;
				CLANG_WARN_CONSTANT_CONVERSION = YES;
				CLANG_WARN_DEPRECATED_OBJC_IMPLEMENTATIONS = YES;
				CLANG_WARN_DIRECT_OBJC_ISA_USAGE = YES_ERROR;
				CLANG_WARN_DOCUMENTATION_COMMENTS = YES;
				CLANG_WARN_EMPTY_BODY = YES;
				CLANG_WARN_ENUM_CONVERSION = YES;
				CLANG_WARN_INFINITE_RECURSION = YES;
				CLANG_WARN_INT_CONVERSION = YES;
				CLANG_WARN_NON_LITERAL_NULL_CONVERSION = YES;
				CLANG_WARN_OBJC_IMPLICIT_RETAIN_SELF = YES;
				CLANG_WARN_OBJC_LITERAL_CONVERSION = YES;
				CLANG_WARN_OBJC_ROOT_CLASS = YES_ERROR;
				CLANG_WARN_QUOTED_INCLUDE_IN_FRAMEWORK_HEADER = YES;
				CLANG_WARN_RANGE_LOOP_ANALYSIS = YES;
				CLANG_WARN_STRICT_PROTOTYPES = YES;
				CLANG_WARN_SUSPICIOUS_MOVE = YES;
				CLANG_WARN_UNGUARDED_AVAILABILITY = YES_AGGRESSIVE;
				CLANG_WARN_UNREACHABLE_CODE = YES;
				CLANG_WARN__DUPLICATE_METHOD_MATCH = YES;
				COPY_PHASE_STRIP = NO;
				DEBUG_INFORMATION_FORMAT = "dwarf-with-dsym";
				ENABLE_NS_ASSERTIONS = NO;
				ENABLE_STRICT_OBJC_MSGSEND = YES;
				ENABLE_USER_SCRIPT_SANDBOXING = YES;
				GCC_C_LANGUAGE_STANDARD = gnu17;
				GCC_NO_COMMON_BLOCKS = YES;
				GCC_WARN_64_TO_32_BIT_CONVERSION = YES;
				GCC_WARN_ABOUT_RETURN_TYPE = YES_ERROR;
				GCC_WARN_UNDECLARED_SELECTOR = YES;
				GCC_WARN_UNINITIALIZED_AUTOS = YES_AGGRESSIVE;
				GCC_WARN_UNUSED_FUNCTION = YES;
				GCC_WARN_UNUSED_VARIABLE = YES;
				IPHONEOS_DEPLOYMENT_TARGET = 18.4;
				LOCALIZATION_PREFERS_STRING_CATALOGS = YES;
				MTL_ENABLE_DEBUG_INFO = NO;
				MTL_FAST_MATH = YES;
				SDKROOT = iphoneos;
				SWIFT_COMPILATION_MODE = wholemodule;
				VALIDATE_PRODUCT = YES;
			};
			name = Release;
		};
		DDEC0CE72E66458A0010F4B4 /* Debug */ = {
			isa = XCBuildConfiguration;
			buildSettings = {
				ASSETCATALOG_COMPILER_APPICON_NAME = AppIcon;
				ASSETCATALOG_COMPILER_GLOBAL_ACCENT_COLOR_NAME = AccentColor;
				CODE_SIGN_ENTITLEMENTS = Shipai_Test/Shipai_Test.entitlements;
				CODE_SIGN_STYLE = Automatic;
				CURRENT_PROJECT_VERSION = 1;
				DEVELOPMENT_TEAM = "";
				ENABLE_PREVIEWS = YES;
				GENERATE_INFOPLIST_FILE = YES;
				INFOPLIST_KEY_UIApplicationSceneManifest_Generation = YES;
				INFOPLIST_KEY_UIApplicationSupportsIndirectInputEvents = YES;
				INFOPLIST_KEY_UILaunchScreen_Generation = YES;
				INFOPLIST_KEY_UISupportedInterfaceOrientations_iPad = "UIInterfaceOrientationPortrait UIInterfaceOrientationPortraitUpsideDown UIInterfaceOrientationLandscapeLeft UIInterfaceOrientationLandscapeRight";
				INFOPLIST_KEY_UISupportedInterfaceOrientations_iPhone = "UIInterfaceOrientationPortrait UIInterfaceOrientationLandscapeLeft UIInterfaceOrientationLandscapeRight";
				IPHONEOS_DEPLOYMENT_TARGET = 18.5;
				LD_RUNPATH_SEARCH_PATHS = (
					"$(inherited)",
					"@executable_path/Frameworks",
				);
				MARKETING_VERSION = 1.0;
				PRODUCT_BUNDLE_IDENTIFIER = "com.shaipai.Shaipai-Test";
				PRODUCT_NAME = "$(TARGET_NAME)";
				SWIFT_EMIT_LOC_STRINGS = YES;
				SWIFT_VERSION = 5.0;
				TARGETED_DEVICE_FAMILY = "1,2";
			};
			name = Debug;
		};
		DDEC0CE82E66458A0010F4B4 /* Release */ = {
			isa = XCBuildConfiguration;
			buildSettings = {
				ASSETCATALOG_COMPILER_APPICON_NAME = AppIcon;
				ASSETCATALOG_COMPILER_GLOBAL_ACCENT_COLOR_NAME = AccentColor;
				CODE_SIGN_ENTITLEMENTS = Shipai_Test/Shipai_Test.entitlements;
				CODE_SIGN_STYLE = Automatic;
				CURRENT_PROJECT_VERSION = 1;
				DEVELOPMENT_TEAM = "";
				ENABLE_PREVIEWS = YES;
				GENERATE_INFOPLIST_FILE = YES;
				INFOPLIST_KEY_UIApplicationSceneManifest_Generation = YES;
				INFOPLIST_KEY_UIApplicationSupportsIndirectInputEvents = YES;
				INFOPLIST_KEY_UILaunchScreen_Generation = YES;
				INFOPLIST_KEY_UISupportedInterfaceOrientations_iPad = "UIInterfaceOrientationPortrait UIInterfaceOrientationPortraitUpsideDown UIInterfaceOrientationLandscapeLeft UIInterfaceOrientationLandscapeRight";
				INFOPLIST_KEY_UISupportedInterfaceOrientations_iPhone = "UIInterfaceOrientationPortrait UIInterfaceOrientationLandscapeLeft UIInterfaceOrientationLandscapeRight";
				IPHONEOS_DEPLOYMENT_TARGET = 18.5;
				LD_RUNPATH_SEARCH_PATHS = (
					"$(inherited)",
					"@executable_path/Frameworks",
				);
				MARKETING_VERSION = 1.0;
				PRODUCT_BUNDLE_IDENTIFIER = "com.shaipai.Shaipai-Test";
				PRODUCT_NAME = "$(TARGET_NAME)";
				SWIFT_EMIT_LOC_STRINGS = YES;
				SWIFT_VERSION = 5.0;
				TARGETED_DEVICE_FAMILY = "1,2";
			};
			name = Release;
		};
/* End XCBuildConfiguration section */

/* Begin XCConfigurationList section */
		60BE464D2DB39A4D00856F2C /* Build configuration list for PBXProject "CCAIExample" */ = {
			isa = XCConfigurationList;
			buildConfigurations = (
				60BE46732DB39A5000856F2C /* Debug */,
				60BE46742DB39A5000856F2C /* Release */,
			);
			defaultConfigurationIsVisible = 0;
			defaultConfigurationName = Release;
		};
		DDEC0CE62E66458A0010F4B4 /* Build configuration list for PBXNativeTarget "Shipai_Test" */ = {
			isa = XCConfigurationList;
			buildConfigurations = (
				DDEC0CE72E66458A0010F4B4 /* Debug */,
				DDEC0CE82E66458A0010F4B4 /* Release */,
			);
			defaultConfigurationIsVisible = 0;
			defaultConfigurationName = Release;
		};
/* End XCConfigurationList section */

/* Begin XCRemoteSwiftPackageReference section */
		60271E4D2DCCB66700BD9C21 /* XCRemoteSwiftPackageReference "MessageKit" */ = {
			isa = XCRemoteSwiftPackageReference;
			repositoryURL = "https://github.com/MessageKit/MessageKit";
			requirement = {
				kind = upToNextMajorVersion;
				minimumVersion = 5.0.0;
			};
		};
		6099992C2DC7DB970078F3AE /* XCRemoteSwiftPackageReference "Chat" */ = {
			isa = XCRemoteSwiftPackageReference;
			repositoryURL = "https://github.com/exyte/Chat.git";
			requirement = {
				kind = upToNextMajorVersion;
				minimumVersion = 2.6.1;
			};
		};
		CAB867B92E03CD1400A35A6F /* XCRemoteSwiftPackageReference "ujet-ios-sdk-sp" */ = {
			isa = XCRemoteSwiftPackageReference;
			repositoryURL = "https://github.com/UJET/ujet-ios-sdk-sp";
			requirement = {
				branch = 3.1.0;
				kind = branch;
			};
		};
		DDEC0D442E666A880010F4B4 /* XCRemoteSwiftPackageReference "firebase-ios-sdk" */ = {
			isa = XCRemoteSwiftPackageReference;
			repositoryURL = "https://github.com/firebase/firebase-ios-sdk";
			requirement = {
				kind = upToNextMajorVersion;
				minimumVersion = 12.2.0;
			};
		};
/* End XCRemoteSwiftPackageReference section */

/* Begin XCSwiftPackageProductDependency section */
		DDBEDF9C2E987EF700209D8D /* FirebaseMessaging */ = {
			isa = XCSwiftPackageProductDependency;
			package = DDEC0D442E666A880010F4B4 /* XCRemoteSwiftPackageReference "firebase-ios-sdk" */;
			productName = FirebaseMessaging;
		};
		DDEC0E572E72239E0010F4B4 /* ExyteChat */ = {
			isa = XCSwiftPackageProductDependency;
			package = 6099992C2DC7DB970078F3AE /* XCRemoteSwiftPackageReference "Chat" */;
			productName = ExyteChat;
		};
		DDEC0E592E7223A60010F4B4 /* CCAIKit */ = {
			isa = XCSwiftPackageProductDependency;
			package = CAB867B92E03CD1400A35A6F /* XCRemoteSwiftPackageReference "ujet-ios-sdk-sp" */;
			productName = CCAIKit;
		};
		DDEC0E5B2E7223AA0010F4B4 /* MessageKit */ = {
			isa = XCSwiftPackageProductDependency;
			package = 60271E4D2DCCB66700BD9C21 /* XCRemoteSwiftPackageReference "MessageKit" */;
			productName = MessageKit;
		};
/* End XCSwiftPackageProductDependency section */
	};
	rootObject = 60BE464A2DB39A4D00856F2C /* Project object */;
}
